
Microsoft Visual Studio Solution File, Format Version 12.00
# Visual Studio 15
VisualStudioVersion = 15.0.28307.271
MinimumVisualStudioVersion = 10.0.40219.1
Project("{FAE04EC0-301F-11D3-BF4B-00C04F79EFBC}") = "NETCoreTest", "NETCoreTest\NETCoreTest.csproj", "{0138FB7B-ABB2-4771-B9EC-2B490B0144EE}"
EndProject
Global
	GlobalSection(SolutionConfigurationPlatforms) = preSolution
		Debug|Any CPU = Debug|Any CPU
		Release|Any CPU = Release|Any CPU
	EndGlobalSection
	GlobalSection(ProjectConfigurationPlatforms) = postSolution
		{0138FB7B-ABB2-4771-B9EC-2B490B0144EE}.Debug|Any CPU.ActiveCfg = Debug|Any CPU
		{0138FB7B-ABB2-4771-B9EC-2B490B0144EE}.Debug|Any CPU.Build.0 = Debug|Any CPU
		{0138FB7B-ABB2-4771-B9EC-2B490B0144EE}.Release|Any CPU.ActiveCfg = Release|Any CPU
		{0138FB7B-ABB2-4771-B9EC-2B490B0144EE}.Release|Any CPU.Build.0 = Release|Any CPU
	EndGlobalSection
	GlobalSection(SolutionProperties) = preSolution
		HideSolutionNode = FALSE
	EndGlobalSection
	GlobalSection(ExtensibilityGlobals) = postSolution
		SolutionGuid = {54BAF114-94A0-4AB8-8401-3B775358B66C}
	EndGlobalSection
EndGlobal
